// !$*UTF8*$!
{
	archiveVersion = 1;
	classes = {
	};
	objectVersion = 56;
	objects = {

/* Begin PBXBuildFile section */
		428C9A2729A1E1170047A273 /* FirebaseAuth in Frameworks */ = {isa = PBXBuildFile; productRef = 428C9A2629A1E1170047A273 /* FirebaseAuth */; };
		428C9A2929A1E1170047A273 /* FirebaseFirestore in Frameworks */ = {isa = PBXBuildFile; productRef = 428C9A2829A1E1170047A273 /* FirebaseFirestore */; };
		428C9A2B29A1EC720047A273 /* GoogleService-Info.plist in Resources */ = {isa = PBXBuildFile; fileRef = 428C9A2A29A1EC720047A273 /* GoogleService-Info.plist */; };
		8876485D29A1926B005FE50A /* Profile.swift in Sources */ = {isa = PBXBuildFile; fileRef = 8876485C29A1926B005FE50A /* Profile.swift */; };
		8876485F29A19280005FE50A /* Diagnosis.swift in Sources */ = {isa = PBXBuildFile; fileRef = 8876485E29A19280005FE50A /* Diagnosis.swift */; };
		8876486129A1928C005FE50A /* Main.swift in Sources */ = {isa = PBXBuildFile; fileRef = 8876486029A1928C005FE50A /* Main.swift */; };
		8876486329A1D050005FE50A /* BotResponse.swift in Sources */ = {isa = PBXBuildFile; fileRef = 8876486229A1D050005FE50A /* BotResponse.swift */; };
		8876486629A21C14005FE50A /* Card.swift in Sources */ = {isa = PBXBuildFile; fileRef = 8876486529A21C14005FE50A /* Card.swift */; };
		88B1582329A16BA8009D993A /* HelpLinkApp.swift in Sources */ = {isa = PBXBuildFile; fileRef = 88B1582229A16BA8009D993A /* HelpLinkApp.swift */; };
		88B1582729A16BAA009D993A /* Assets.xcassets in Resources */ = {isa = PBXBuildFile; fileRef = 88B1582629A16BAA009D993A /* Assets.xcassets */; };
		88B1582A29A16BAA009D993A /* Preview Assets.xcassets in Resources */ = {isa = PBXBuildFile; fileRef = 88B1582929A16BAA009D993A /* Preview Assets.xcassets */; };
		88B1583229A16D94009D993A /* Home.swift in Sources */ = {isa = PBXBuildFile; fileRef = 88B1583129A16D94009D993A /* Home.swift */; };
		88B1583429A1700C009D993A /* CustomTabBar.swift in Sources */ = {isa = PBXBuildFile; fileRef = 88B1583329A1700C009D993A /* CustomTabBar.swift */; };
		88B1583629A178EA009D993A /* TabCurve.swift in Sources */ = {isa = PBXBuildFile; fileRef = 88B1583529A178EA009D993A /* TabCurve.swift */; };
		9958E7D829A1A9E400D85EE0 /* Firebase_Auth.swift in Sources */ = {isa = PBXBuildFile; fileRef = 9958E7D729A1A9E400D85EE0 /* Firebase_Auth.swift */; };
		BC8154B829A19F8F0019CBE4 /* QRCode.swift in Sources */ = {isa = PBXBuildFile; fileRef = BC8154B729A19F8F0019CBE4 /* QRCode.swift */; };
		BC8154C029A1A8550019CBE4 /* WidgetKit.framework in Frameworks */ = {isa = PBXBuildFile; fileRef = BC8154BF29A1A8550019CBE4 /* WidgetKit.framework */; };
		BC8154C229A1A8550019CBE4 /* SwiftUI.framework in Frameworks */ = {isa = PBXBuildFile; fileRef = BC8154C129A1A8550019CBE4 /* SwiftUI.framework */; };
		BC8154C529A1A8550019CBE4 /* LockScreenWidgetBundle.swift in Sources */ = {isa = PBXBuildFile; fileRef = BC8154C429A1A8550019CBE4 /* LockScreenWidgetBundle.swift */; };
		BC8154C729A1A8560019CBE4 /* LockScreenWidgetLiveActivity.swift in Sources */ = {isa = PBXBuildFile; fileRef = BC8154C629A1A8560019CBE4 /* LockScreenWidgetLiveActivity.swift */; };
		BC8154C929A1A8560019CBE4 /* LockScreenWidget.swift in Sources */ = {isa = PBXBuildFile; fileRef = BC8154C829A1A8560019CBE4 /* LockScreenWidget.swift */; };
		BC8154CC29A1A8580019CBE4 /* Assets.xcassets in Resources */ = {isa = PBXBuildFile; fileRef = BC8154CB29A1A8580019CBE4 /* Assets.xcassets */; };
		BC8154CE29A1A8580019CBE4 /* LockScreenWidget.intentdefinition in Sources */ = {isa = PBXBuildFile; fileRef = BC8154CA29A1A8560019CBE4 /* LockScreenWidget.intentdefinition */; };
		BC8154CF29A1A8580019CBE4 /* LockScreenWidget.intentdefinition in Sources */ = {isa = PBXBuildFile; fileRef = BC8154CA29A1A8560019CBE4 /* LockScreenWidget.intentdefinition */; };
		BC8154D229A1A8580019CBE4 /* LockScreenWidgetExtension.appex in Embed Foundation Extensions */ = {isa = PBXBuildFile; fileRef = BC8154BD29A1A8550019CBE4 /* LockScreenWidgetExtension.appex */; settings = {ATTRIBUTES = (RemoveHeadersOnCopy, ); }; };
/* End PBXBuildFile section */

/* Begin PBXContainerItemProxy section */
		BC8154D029A1A8580019CBE4 /* PBXContainerItemProxy */ = {
			isa = PBXContainerItemProxy;
			containerPortal = 88B1581729A16BA8009D993A /* Project object */;
			proxyType = 1;
			remoteGlobalIDString = BC8154BC29A1A8550019CBE4;
			remoteInfo = LockScreenWidgetExtension;
		};
/* End PBXContainerItemProxy section */

/* Begin PBXCopyFilesBuildPhase section */
		BC8154D629A1A8580019CBE4 /* Embed Foundation Extensions */ = {
			isa = PBXCopyFilesBuildPhase;
			buildActionMask = 2147483647;
			dstPath = "";
			dstSubfolderSpec = 13;
			files = (
				BC8154D229A1A8580019CBE4 /* LockScreenWidgetExtension.appex in Embed Foundation Extensions */,
			);
			name = "Embed Foundation Extensions";
			runOnlyForDeploymentPostprocessing = 0;
		};
/* End PBXCopyFilesBuildPhase section */

/* Begin PBXFileReference section */
		428C9A2A29A1EC720047A273 /* GoogleService-Info.plist */ = {isa = PBXFileReference; fileEncoding = 4; lastKnownFileType = text.plist.xml; path = "GoogleService-Info.plist"; sourceTree = "<group>"; };
		8876485C29A1926B005FE50A /* Profile.swift */ = {isa = PBXFileReference; lastKnownFileType = sourcecode.swift; path = Profile.swift; sourceTree = "<group>"; };
		8876485E29A19280005FE50A /* Diagnosis.swift */ = {isa = PBXFileReference; lastKnownFileType = sourcecode.swift; path = Diagnosis.swift; sourceTree = "<group>"; };
		8876486029A1928C005FE50A /* Main.swift */ = {isa = PBXFileReference; lastKnownFileType = sourcecode.swift; path = Main.swift; sourceTree = "<group>"; };
		8876486229A1D050005FE50A /* BotResponse.swift */ = {isa = PBXFileReference; lastKnownFileType = sourcecode.swift; path = BotResponse.swift; sourceTree = "<group>"; };
		8876486529A21C14005FE50A /* Card.swift */ = {isa = PBXFileReference; lastKnownFileType = sourcecode.swift; path = Card.swift; sourceTree = "<group>"; };
		88B1581F29A16BA8009D993A /* HelpLink.app */ = {isa = PBXFileReference; explicitFileType = wrapper.application; includeInIndex = 0; path = HelpLink.app; sourceTree = BUILT_PRODUCTS_DIR; };
		88B1582229A16BA8009D993A /* HelpLinkApp.swift */ = {isa = PBXFileReference; lastKnownFileType = sourcecode.swift; path = HelpLinkApp.swift; sourceTree = "<group>"; };
		88B1582629A16BAA009D993A /* Assets.xcassets */ = {isa = PBXFileReference; lastKnownFileType = folder.assetcatalog; path = Assets.xcassets; sourceTree = "<group>"; };
		88B1582929A16BAA009D993A /* Preview Assets.xcassets */ = {isa = PBXFileReference; lastKnownFileType = folder.assetcatalog; path = "Preview Assets.xcassets"; sourceTree = "<group>"; };
		88B1583129A16D94009D993A /* Home.swift */ = {isa = PBXFileReference; lastKnownFileType = sourcecode.swift; path = Home.swift; sourceTree = "<group>"; };
		88B1583329A1700C009D993A /* CustomTabBar.swift */ = {isa = PBXFileReference; lastKnownFileType = sourcecode.swift; path = CustomTabBar.swift; sourceTree = "<group>"; };
		88B1583529A178EA009D993A /* TabCurve.swift */ = {isa = PBXFileReference; lastKnownFileType = sourcecode.swift; path = TabCurve.swift; sourceTree = "<group>"; };
		9958E7D729A1A9E400D85EE0 /* Firebase_Auth.swift */ = {isa = PBXFileReference; lastKnownFileType = sourcecode.swift; path = Firebase_Auth.swift; sourceTree = "<group>"; };
		BC8154B729A19F8F0019CBE4 /* QRCode.swift */ = {isa = PBXFileReference; lastKnownFileType = sourcecode.swift; path = QRCode.swift; sourceTree = "<group>"; };
		BC8154BD29A1A8550019CBE4 /* LockScreenWidgetExtension.appex */ = {isa = PBXFileReference; explicitFileType = "wrapper.app-extension"; includeInIndex = 0; path = LockScreenWidgetExtension.appex; sourceTree = BUILT_PRODUCTS_DIR; };
		BC8154BF29A1A8550019CBE4 /* WidgetKit.framework */ = {isa = PBXFileReference; lastKnownFileType = wrapper.framework; name = WidgetKit.framework; path = System/Library/Frameworks/WidgetKit.framework; sourceTree = SDKROOT; };
		BC8154C129A1A8550019CBE4 /* SwiftUI.framework */ = {isa = PBXFileReference; lastKnownFileType = wrapper.framework; name = SwiftUI.framework; path = System/Library/Frameworks/SwiftUI.framework; sourceTree = SDKROOT; };
		BC8154C429A1A8550019CBE4 /* LockScreenWidgetBundle.swift */ = {isa = PBXFileReference; lastKnownFileType = sourcecode.swift; path = LockScreenWidgetBundle.swift; sourceTree = "<group>"; };
		BC8154C629A1A8560019CBE4 /* LockScreenWidgetLiveActivity.swift */ = {isa = PBXFileReference; lastKnownFileType = sourcecode.swift; path = LockScreenWidgetLiveActivity.swift; sourceTree = "<group>"; };
		BC8154C829A1A8560019CBE4 /* LockScreenWidget.swift */ = {isa = PBXFileReference; lastKnownFileType = sourcecode.swift; path = LockScreenWidget.swift; sourceTree = "<group>"; };
		BC8154CA29A1A8560019CBE4 /* LockScreenWidget.intentdefinition */ = {isa = PBXFileReference; lastKnownFileType = file.intentdefinition; path = LockScreenWidget.intentdefinition; sourceTree = "<group>"; };
		BC8154CB29A1A8580019CBE4 /* Assets.xcassets */ = {isa = PBXFileReference; lastKnownFileType = folder.assetcatalog; path = Assets.xcassets; sourceTree = "<group>"; };
		BC8154CD29A1A8580019CBE4 /* Info.plist */ = {isa = PBXFileReference; lastKnownFileType = text.plist.xml; path = Info.plist; sourceTree = "<group>"; };
/* End PBXFileReference section */

/* Begin PBXFrameworksBuildPhase section */
		88B1581C29A16BA8009D993A /* Frameworks */ = {
			isa = PBXFrameworksBuildPhase;
			buildActionMask = 2147483647;
			files = (
				428C9A2729A1E1170047A273 /* FirebaseAuth in Frameworks */,
				428C9A2929A1E1170047A273 /* FirebaseFirestore in Frameworks */,
			);
			runOnlyForDeploymentPostprocessing = 0;
		};
		BC8154BA29A1A8550019CBE4 /* Frameworks */ = {
			isa = PBXFrameworksBuildPhase;
			buildActionMask = 2147483647;
			files = (
				BC8154C229A1A8550019CBE4 /* SwiftUI.framework in Frameworks */,
				BC8154C029A1A8550019CBE4 /* WidgetKit.framework in Frameworks */,
			);
			runOnlyForDeploymentPostprocessing = 0;
		};
/* End PBXFrameworksBuildPhase section */

/* Begin PBXGroup section */
		8876485B29A19254005FE50A /* Screens */ = {
			isa = PBXGroup;
			children = (
				8876485C29A1926B005FE50A /* Profile.swift */,
				8876485E29A19280005FE50A /* Diagnosis.swift */,
				8876486029A1928C005FE50A /* Main.swift */,
				BC8154B729A19F8F0019CBE4 /* QRCode.swift */,
				9958E7D729A1A9E400D85EE0 /* Firebase_Auth.swift */,
				8876486229A1D050005FE50A /* BotResponse.swift */,
			);
			path = Screens;
			sourceTree = "<group>";
		};
		8876486429A21BFE005FE50A /* Model */ = {
			isa = PBXGroup;
			children = (
				8876486529A21C14005FE50A /* Card.swift */,
			);
			path = Model;
			sourceTree = "<group>";
		};
		88B1581629A16BA8009D993A = {
			isa = PBXGroup;
			children = (
				88B1582129A16BA8009D993A /* HelpLink */,
				BC8154C329A1A8550019CBE4 /* LockScreenWidget */,
				BC8154BE29A1A8550019CBE4 /* Frameworks */,
				88B1582029A16BA8009D993A /* Products */,
			);
			sourceTree = "<group>";
		};
		88B1582029A16BA8009D993A /* Products */ = {
			isa = PBXGroup;
			children = (
				88B1581F29A16BA8009D993A /* HelpLink.app */,
				BC8154BD29A1A8550019CBE4 /* LockScreenWidgetExtension.appex */,
			);
			name = Products;
			sourceTree = "<group>";
		};
		88B1582129A16BA8009D993A /* HelpLink */ = {
			isa = PBXGroup;
			children = (
				8876486429A21BFE005FE50A /* Model */,
				88B1583029A16D80009D993A /* View */,
				88B1582229A16BA8009D993A /* HelpLinkApp.swift */,
				88B1582629A16BAA009D993A /* Assets.xcassets */,
				428C9A2A29A1EC720047A273 /* GoogleService-Info.plist */,
				88B1582829A16BAA009D993A /* Preview Content */,
			);
			path = HelpLink;
			sourceTree = "<group>";
		};
		88B1582829A16BAA009D993A /* Preview Content */ = {
			isa = PBXGroup;
			children = (
				88B1582929A16BAA009D993A /* Preview Assets.xcassets */,
			);
			path = "Preview Content";
			sourceTree = "<group>";
		};
		88B1583029A16D80009D993A /* View */ = {
			isa = PBXGroup;
			children = (
				88B1583129A16D94009D993A /* Home.swift */,
				88B1583329A1700C009D993A /* CustomTabBar.swift */,
				88B1583529A178EA009D993A /* TabCurve.swift */,
				8876485B29A19254005FE50A /* Screens */,
			);
			path = View;
			sourceTree = "<group>";
		};
		BC8154BE29A1A8550019CBE4 /* Frameworks */ = {
			isa = PBXGroup;
			children = (
				BC8154BF29A1A8550019CBE4 /* WidgetKit.framework */,
				BC8154C129A1A8550019CBE4 /* SwiftUI.framework */,
			);
			name = Frameworks;
			sourceTree = "<group>";
		};
		BC8154C329A1A8550019CBE4 /* LockScreenWidget */ = {
			isa = PBXGroup;
			children = (
				BC8154C429A1A8550019CBE4 /* LockScreenWidgetBundle.swift */,
				BC8154C629A1A8560019CBE4 /* LockScreenWidgetLiveActivity.swift */,
				BC8154C829A1A8560019CBE4 /* LockScreenWidget.swift */,
				BC8154CA29A1A8560019CBE4 /* LockScreenWidget.intentdefinition */,
				BC8154CB29A1A8580019CBE4 /* Assets.xcassets */,
				BC8154CD29A1A8580019CBE4 /* Info.plist */,
			);
			path = LockScreenWidget;
			sourceTree = "<group>";
		};
/* End PBXGroup section */

/* Begin PBXNativeTarget section */
		88B1581E29A16BA8009D993A /* HelpLink */ = {
			isa = PBXNativeTarget;
			buildConfigurationList = 88B1582D29A16BAA009D993A /* Build configuration list for PBXNativeTarget "HelpLink" */;
			buildPhases = (
				88B1581B29A16BA8009D993A /* Sources */,
				88B1581C29A16BA8009D993A /* Frameworks */,
				88B1581D29A16BA8009D993A /* Resources */,
				BC8154D629A1A8580019CBE4 /* Embed Foundation Extensions */,
			);
			buildRules = (
			);
			dependencies = (
				BC8154D129A1A8580019CBE4 /* PBXTargetDependency */,
			);
			name = HelpLink;
			packageProductDependencies = (
				428C9A2629A1E1170047A273 /* FirebaseAuth */,
				428C9A2829A1E1170047A273 /* FirebaseFirestore */,
			);
			productName = HelpLink;
			productReference = 88B1581F29A16BA8009D993A /* HelpLink.app */;
			productType = "com.apple.product-type.application";
		};
		BC8154BC29A1A8550019CBE4 /* LockScreenWidgetExtension */ = {
			isa = PBXNativeTarget;
			buildConfigurationList = BC8154D329A1A8580019CBE4 /* Build configuration list for PBXNativeTarget "LockScreenWidgetExtension" */;
			buildPhases = (
				BC8154B929A1A8550019CBE4 /* Sources */,
				BC8154BA29A1A8550019CBE4 /* Frameworks */,
				BC8154BB29A1A8550019CBE4 /* Resources */,
			);
			buildRules = (
			);
			dependencies = (
			);
			name = LockScreenWidgetExtension;
			productName = LockScreenWidgetExtension;
			productReference = BC8154BD29A1A8550019CBE4 /* LockScreenWidgetExtension.appex */;
			productType = "com.apple.product-type.app-extension";
		};
/* End PBXNativeTarget section */

/* Begin PBXProject section */
		88B1581729A16BA8009D993A /* Project object */ = {
			isa = PBXProject;
			attributes = {
				BuildIndependentTargetsInParallel = 1;
				LastSwiftUpdateCheck = 1420;
				LastUpgradeCheck = 1420;
				TargetAttributes = {
					88B1581E29A16BA8009D993A = {
						CreatedOnToolsVersion = 14.2;
					};
					BC8154BC29A1A8550019CBE4 = {
						CreatedOnToolsVersion = 14.2;
					};
				};
			};
			buildConfigurationList = 88B1581A29A16BA8009D993A /* Build configuration list for PBXProject "HelpLink" */;
			compatibilityVersion = "Xcode 14.0";
			developmentRegion = en;
			hasScannedForEncodings = 0;
			knownRegions = (
				en,
				Base,
			);
			mainGroup = 88B1581629A16BA8009D993A;
			packageReferences = (
				428C9A2529A1E1170047A273 /* XCRemoteSwiftPackageReference "firebase-ios-sdk" */,
			);
			productRefGroup = 88B1582029A16BA8009D993A /* Products */;
			projectDirPath = "";
			projectRoot = "";
			targets = (
				88B1581E29A16BA8009D993A /* HelpLink */,
				BC8154BC29A1A8550019CBE4 /* LockScreenWidgetExtension */,
			);
		};
/* End PBXProject section */

/* Begin PBXResourcesBuildPhase section */
		88B1581D29A16BA8009D993A /* Resources */ = {
			isa = PBXResourcesBuildPhase;
			buildActionMask = 2147483647;
			files = (
				88B1582A29A16BAA009D993A /* Preview Assets.xcassets in Resources */,
				88B1582729A16BAA009D993A /* Assets.xcassets in Resources */,
				428C9A2B29A1EC720047A273 /* GoogleService-Info.plist in Resources */,
			);
			runOnlyForDeploymentPostprocessing = 0;
		};
		BC8154BB29A1A8550019CBE4 /* Resources */ = {
			isa = PBXResourcesBuildPhase;
			buildActionMask = 2147483647;
			files = (
				BC8154CC29A1A8580019CBE4 /* Assets.xcassets in Resources */,
			);
			runOnlyForDeploymentPostprocessing = 0;
		};
/* End PBXResourcesBuildPhase section */

/* Begin PBXSourcesBuildPhase section */
		88B1581B29A16BA8009D993A /* Sources */ = {
			isa = PBXSourcesBuildPhase;
			buildActionMask = 2147483647;
			files = (
				9958E7D829A1A9E400D85EE0 /* Firebase_Auth.swift in Sources */,
				88B1583429A1700C009D993A /* CustomTabBar.swift in Sources */,
				8876485D29A1926B005FE50A /* Profile.swift in Sources */,
				88B1583629A178EA009D993A /* TabCurve.swift in Sources */,
				8876485F29A19280005FE50A /* Diagnosis.swift in Sources */,
				8876486329A1D050005FE50A /* BotResponse.swift in Sources */,
				BC8154CF29A1A8580019CBE4 /* LockScreenWidget.intentdefinition in Sources */,
				8876486629A21C14005FE50A /* Card.swift in Sources */,
				88B1583229A16D94009D993A /* Home.swift in Sources */,
				BC8154B829A19F8F0019CBE4 /* QRCode.swift in Sources */,
				8876486129A1928C005FE50A /* Main.swift in Sources */,
				88B1582329A16BA8009D993A /* HelpLinkApp.swift in Sources */,
			);
			runOnlyForDeploymentPostprocessing = 0;
		};
		BC8154B929A1A8550019CBE4 /* Sources */ = {
			isa = PBXSourcesBuildPhase;
			buildActionMask = 2147483647;
			files = (
				BC8154C529A1A8550019CBE4 /* LockScreenWidgetBundle.swift in Sources */,
				BC8154CE29A1A8580019CBE4 /* LockScreenWidget.intentdefinition in Sources */,
				BC8154C929A1A8560019CBE4 /* LockScreenWidget.swift in Sources */,
				BC8154C729A1A8560019CBE4 /* LockScreenWidgetLiveActivity.swift in Sources */,
			);
			runOnlyForDeploymentPostprocessing = 0;
		};
/* End PBXSourcesBuildPhase section */

/* Begin PBXTargetDependency section */
		BC8154D129A1A8580019CBE4 /* PBXTargetDependency */ = {
			isa = PBXTargetDependency;
			target = BC8154BC29A1A8550019CBE4 /* LockScreenWidgetExtension */;
			targetProxy = BC8154D029A1A8580019CBE4 /* PBXContainerItemProxy */;
		};
/* End PBXTargetDependency section */

/* Begin XCBuildConfiguration section */
		88B1582B29A16BAA009D993A /* Debug */ = {
			isa = XCBuildConfiguration;
			buildSettings = {
				ALWAYS_SEARCH_USER_PATHS = NO;
				CLANG_ANALYZER_NONNULL = YES;
				CLANG_ANALYZER_NUMBER_OBJECT_CONVERSION = YES_AGGRESSIVE;
				CLANG_CXX_LANGUAGE_STANDARD = "gnu++20";
				CLANG_ENABLE_MODULES = YES;
				CLANG_ENABLE_OBJC_ARC = YES;
				CLANG_ENABLE_OBJC_WEAK = YES;
				CLANG_WARN_BLOCK_CAPTURE_AUTORELEASING = YES;
				CLANG_WARN_BOOL_CONVERSION = YES;
				CLANG_WARN_COMMA = YES;
				CLANG_WARN_CONSTANT_CONVERSION = YES;
				CLANG_WARN_DEPRECATED_OBJC_IMPLEMENTATIONS = YES;
				CLANG_WARN_DIRECT_OBJC_ISA_USAGE = YES_ERROR;
				CLANG_WARN_DOCUMENTATION_COMMENTS = YES;
				CLANG_WARN_EMPTY_BODY = YES;
				CLANG_WARN_ENUM_CONVERSION = YES;
				CLANG_WARN_INFINITE_RECURSION = YES;
				CLANG_WARN_INT_CONVERSION = YES;
				CLANG_WARN_NON_LITERAL_NULL_CONVERSION = YES;
				CLANG_WARN_OBJC_IMPLICIT_RETAIN_SELF = YES;
				CLANG_WARN_OBJC_LITERAL_CONVERSION = YES;
				CLANG_WARN_OBJC_ROOT_CLASS = YES_ERROR;
				CLANG_WARN_QUOTED_INCLUDE_IN_FRAMEWORK_HEADER = YES;
				CLANG_WARN_RANGE_LOOP_ANALYSIS = YES;
				CLANG_WARN_STRICT_PROTOTYPES = YES;
				CLANG_WARN_SUSPICIOUS_MOVE = YES;
				CLANG_WARN_UNGUARDED_AVAILABILITY = YES_AGGRESSIVE;
				CLANG_WARN_UNREACHABLE_CODE = YES;
				CLANG_WARN__DUPLICATE_METHOD_MATCH = YES;
				COPY_PHASE_STRIP = NO;
				DEBUG_INFORMATION_FORMAT = dwarf;
				ENABLE_STRICT_OBJC_MSGSEND = YES;
				ENABLE_TESTABILITY = YES;
				GCC_C_LANGUAGE_STANDARD = gnu11;
				GCC_DYNAMIC_NO_PIC = NO;
				GCC_NO_COMMON_BLOCKS = YES;
				GCC_OPTIMIZATION_LEVEL = 0;
				GCC_PREPROCESSOR_DEFINITIONS = (
					"DEBUG=1",
					"$(inherited)",
				);
				GCC_WARN_64_TO_32_BIT_CONVERSION = YES;
				GCC_WARN_ABOUT_RETURN_TYPE = YES_ERROR;
				GCC_WARN_UNDECLARED_SELECTOR = YES;
				GCC_WARN_UNINITIALIZED_AUTOS = YES_AGGRESSIVE;
				GCC_WARN_UNUSED_FUNCTION = YES;
				GCC_WARN_UNUSED_VARIABLE = YES;
				IPHONEOS_DEPLOYMENT_TARGET = 16.2;
				MTL_ENABLE_DEBUG_INFO = INCLUDE_SOURCE;
				MTL_FAST_MATH = YES;
				ONLY_ACTIVE_ARCH = YES;
				SDKROOT = iphoneos;
				SWIFT_ACTIVE_COMPILATION_CONDITIONS = DEBUG;
				SWIFT_OPTIMIZATION_LEVEL = "-Onone";
			};
			name = Debug;
		};
		88B1582C29A16BAA009D993A /* Release */ = {
			isa = XCBuildConfiguration;
			buildSettings = {
				ALWAYS_SEARCH_USER_PATHS = NO;
				CLANG_ANALYZER_NONNULL = YES;
				CLANG_ANALYZER_NUMBER_OBJECT_CONVERSION = YES_AGGRESSIVE;
				CLANG_CXX_LANGUAGE_STANDARD = "gnu++20";
				CLANG_ENABLE_MODULES = YES;
				CLANG_ENABLE_OBJC_ARC = YES;
				CLANG_ENABLE_OBJC_WEAK = YES;
				CLANG_WARN_BLOCK_CAPTURE_AUTORELEASING = YES;
				CLANG_WARN_BOOL_CONVERSION = YES;
				CLANG_WARN_COMMA = YES;
				CLANG_WARN_CONSTANT_CONVERSION = YES;
				CLANG_WARN_DEPRECATED_OBJC_IMPLEMENTATIONS = YES;
				CLANG_WARN_DIRECT_OBJC_ISA_USAGE = YES_ERROR;
				CLANG_WARN_DOCUMENTATION_COMMENTS = YES;
				CLANG_WARN_EMPTY_BODY = YES;
				CLANG_WARN_ENUM_CONVERSION = YES;
				CLANG_WARN_INFINITE_RECURSION = YES;
				CLANG_WARN_INT_CONVERSION = YES;
				CLANG_WARN_NON_LITERAL_NULL_CONVERSION = YES;
				CLANG_WARN_OBJC_IMPLICIT_RETAIN_SELF = YES;
				CLANG_WARN_OBJC_LITERAL_CONVERSION = YES;
				CLANG_WARN_OBJC_ROOT_CLASS = YES_ERROR;
				CLANG_WARN_QUOTED_INCLUDE_IN_FRAMEWORK_HEADER = YES;
				CLANG_WARN_RANGE_LOOP_ANALYSIS = YES;
				CLANG_WARN_STRICT_PROTOTYPES = YES;
				CLANG_WARN_SUSPICIOUS_MOVE = YES;
				CLANG_WARN_UNGUARDED_AVAILABILITY = YES_AGGRESSIVE;
				CLANG_WARN_UNREACHABLE_CODE = YES;
				CLANG_WARN__DUPLICATE_METHOD_MATCH = YES;
				COPY_PHASE_STRIP = NO;
				DEBUG_INFORMATION_FORMAT = "dwarf-with-dsym";
				ENABLE_NS_ASSERTIONS = NO;
				ENABLE_STRICT_OBJC_MSGSEND = YES;
				GCC_C_LANGUAGE_STANDARD = gnu11;
				GCC_NO_COMMON_BLOCKS = YES;
				GCC_WARN_64_TO_32_BIT_CONVERSION = YES;
				GCC_WARN_ABOUT_RETURN_TYPE = YES_ERROR;
				GCC_WARN_UNDECLARED_SELECTOR = YES;
				GCC_WARN_UNINITIALIZED_AUTOS = YES_AGGRESSIVE;
				GCC_WARN_UNUSED_FUNCTION = YES;
				GCC_WARN_UNUSED_VARIABLE = YES;
				IPHONEOS_DEPLOYMENT_TARGET = 16.2;
				MTL_ENABLE_DEBUG_INFO = NO;
				MTL_FAST_MATH = YES;
				SDKROOT = iphoneos;
				SWIFT_COMPILATION_MODE = wholemodule;
				SWIFT_OPTIMIZATION_LEVEL = "-O";
				VALIDATE_PRODUCT = YES;
			};
			name = Release;
		};
		88B1582E29A16BAA009D993A /* Debug */ = {
			isa = XCBuildConfiguration;
			buildSettings = {
				ALWAYS_EMBED_SWIFT_STANDARD_LIBRARIES = YES;
				ASSETCATALOG_COMPILER_APPICON_NAME = AppIcon;
				ASSETCATALOG_COMPILER_GLOBAL_ACCENT_COLOR_NAME = AccentColor;
				CODE_SIGN_STYLE = Automatic;
				CURRENT_PROJECT_VERSION = 1;
				DEVELOPMENT_ASSET_PATHS = "\"HelpLink/Preview Content\"";
				DEVELOPMENT_TEAM = VQ2K368L4R;
				ENABLE_PREVIEWS = YES;
				GENERATE_INFOPLIST_FILE = YES;
				INFOPLIST_KEY_UIApplicationSceneManifest_Generation = YES;
				INFOPLIST_KEY_UIApplicationSupportsIndirectInputEvents = YES;
				INFOPLIST_KEY_UILaunchScreen_Generation = YES;
				INFOPLIST_KEY_UISupportedInterfaceOrientations_iPad = "UIInterfaceOrientationPortrait UIInterfaceOrientationPortraitUpsideDown UIInterfaceOrientationLandscapeLeft UIInterfaceOrientationLandscapeRight";
				INFOPLIST_KEY_UISupportedInterfaceOrientations_iPhone = "UIInterfaceOrientationPortrait UIInterfaceOrientationLandscapeLeft UIInterfaceOrientationLandscapeRight";
				LD_RUNPATH_SEARCH_PATHS = (
					"$(inherited)",
					"@executable_path/Frameworks",
				);
				MARKETING_VERSION = 1.0;
				PRODUCT_BUNDLE_IDENTIFIER = sjrsm.HelpLink;
				PRODUCT_NAME = "$(TARGET_NAME)";
				SWIFT_EMIT_LOC_STRINGS = YES;
				SWIFT_VERSION = 5.0;
				TARGETED_DEVICE_FAMILY = "1,2";
			};
			name = Debug;
		};
		88B1582F29A16BAA009D993A /* Release */ = {
			isa = XCBuildConfiguration;
			buildSettings = {
				ALWAYS_EMBED_SWIFT_STANDARD_LIBRARIES = YES;
				ASSETCATALOG_COMPILER_APPICON_NAME = AppIcon;
				ASSETCATALOG_COMPILER_GLOBAL_ACCENT_COLOR_NAME = AccentColor;
				CODE_SIGN_STYLE = Automatic;
				CURRENT_PROJECT_VERSION = 1;
				DEVELOPMENT_ASSET_PATHS = "\"HelpLink/Preview Content\"";
				DEVELOPMENT_TEAM = VQ2K368L4R;
				ENABLE_PREVIEWS = YES;
				GENERATE_INFOPLIST_FILE = YES;
				INFOPLIST_KEY_UIApplicationSceneManifest_Generation = YES;
				INFOPLIST_KEY_UIApplicationSupportsIndirectInputEvents = YES;
				INFOPLIST_KEY_UILaunchScreen_Generation = YES;
				INFOPLIST_KEY_UISupportedInterfaceOrientations_iPad = "UIInterfaceOrientationPortrait UIInterfaceOrientationPortraitUpsideDown UIInterfaceOrientationLandscapeLeft UIInterfaceOrientationLandscapeRight";
				INFOPLIST_KEY_UISupportedInterfaceOrientations_iPhone = "UIInterfaceOrientationPortrait UIInterfaceOrientationLandscapeLeft UIInterfaceOrientationLandscapeRight";
				LD_RUNPATH_SEARCH_PATHS = (
					"$(inherited)",
					"@executable_path/Frameworks",
				);
				MARKETING_VERSION = 1.0;
				PRODUCT_BUNDLE_IDENTIFIER = sjrsm.HelpLink;
				PRODUCT_NAME = "$(TARGET_NAME)";
				SWIFT_EMIT_LOC_STRINGS = YES;
				SWIFT_VERSION = 5.0;
				TARGETED_DEVICE_FAMILY = "1,2";
			};
			name = Release;
		};
		BC8154D429A1A8580019CBE4 /* Debug */ = {
			isa = XCBuildConfiguration;
			buildSettings = {
				ASSETCATALOG_COMPILER_GLOBAL_ACCENT_COLOR_NAME = AccentColor;
				ASSETCATALOG_COMPILER_WIDGET_BACKGROUND_COLOR_NAME = WidgetBackground;
				CODE_SIGN_STYLE = Automatic;
				CURRENT_PROJECT_VERSION = 1;
				DEVELOPMENT_TEAM = VQ2K368L4R;
				GENERATE_INFOPLIST_FILE = YES;
				INFOPLIST_FILE = LockScreenWidget/Info.plist;
				INFOPLIST_KEY_CFBundleDisplayName = LockScreenWidget;
				INFOPLIST_KEY_NSHumanReadableCopyright = "";
				LD_RUNPATH_SEARCH_PATHS = (
					"$(inherited)",
					"@executable_path/Frameworks",
					"@executable_path/../../Frameworks",
				);
				MARKETING_VERSION = 1.0;
				PRODUCT_BUNDLE_IDENTIFIER = sjrsm.HelpLink.LockScreenWidget;
				PRODUCT_NAME = "$(TARGET_NAME)";
				SKIP_INSTALL = YES;
				SWIFT_EMIT_LOC_STRINGS = YES;
				SWIFT_VERSION = 5.0;
				TARGETED_DEVICE_FAMILY = "1,2";
			};
			name = Debug;
		};
		BC8154D529A1A8580019CBE4 /* Release */ = {
			isa = XCBuildConfiguration;
			buildSettings = {
				ASSETCATALOG_COMPILER_GLOBAL_ACCENT_COLOR_NAME = AccentColor;
				ASSETCATALOG_COMPILER_WIDGET_BACKGROUND_COLOR_NAME = WidgetBackground;
				CODE_SIGN_STYLE = Automatic;
				CURRENT_PROJECT_VERSION = 1;
				DEVELOPMENT_TEAM = VQ2K368L4R;
				GENERATE_INFOPLIST_FILE = YES;
				INFOPLIST_FILE = LockScreenWidget/Info.plist;
				INFOPLIST_KEY_CFBundleDisplayName = LockScreenWidget;
				INFOPLIST_KEY_NSHumanReadableCopyright = "";
				LD_RUNPATH_SEARCH_PATHS = (
					"$(inherited)",
					"@executable_path/Frameworks",
					"@executable_path/../../Frameworks",
				);
				MARKETING_VERSION = 1.0;
				PRODUCT_BUNDLE_IDENTIFIER = sjrsm.HelpLink.LockScreenWidget;
				PRODUCT_NAME = "$(TARGET_NAME)";
				SKIP_INSTALL = YES;
				SWIFT_EMIT_LOC_STRINGS = YES;
				SWIFT_VERSION = 5.0;
				TARGETED_DEVICE_FAMILY = "1,2";
			};
			name = Release;
		};
/* End XCBuildConfiguration section */

/* Begin XCConfigurationList section */
		88B1581A29A16BA8009D993A /* Build configuration list for PBXProject "HelpLink" */ = {
			isa = XCConfigurationList;
			buildConfigurations = (
				88B1582B29A16BAA009D993A /* Debug */,
				88B1582C29A16BAA009D993A /* Release */,
			);
			defaultConfigurationIsVisible = 0;
			defaultConfigurationName = Release;
		};
		88B1582D29A16BAA009D993A /* Build configuration list for PBXNativeTarget "HelpLink" */ = {
			isa = XCConfigurationList;
			buildConfigurations = (
				88B1582E29A16BAA009D993A /* Debug */,
				88B1582F29A16BAA009D993A /* Release */,
			);
			defaultConfigurationIsVisible = 0;
			defaultConfigurationName = Release;
		};
		BC8154D329A1A8580019CBE4 /* Build configuration list for PBXNativeTarget "LockScreenWidgetExtension" */ = {
			isa = XCConfigurationList;
			buildConfigurations = (
				BC8154D429A1A8580019CBE4 /* Debug */,
				BC8154D529A1A8580019CBE4 /* Release */,
			);
			defaultConfigurationIsVisible = 0;
			defaultConfigurationName = Release;
		};
/* End XCConfigurationList section */

/* Begin XCRemoteSwiftPackageReference section */
		428C9A2529A1E1170047A273 /* XCRemoteSwiftPackageReference "firebase-ios-sdk" */ = {
			isa = XCRemoteSwiftPackageReference;
			repositoryURL = "https://github.com/firebase/firebase-ios-sdk.git";
			requirement = {
				kind = upToNextMajorVersion;
				minimumVersion = 9.0.0;
			};
		};
/* End XCRemoteSwiftPackageReference section */

/* Begin XCSwiftPackageProductDependency section */
		428C9A2629A1E1170047A273 /* FirebaseAuth */ = {
			isa = XCSwiftPackageProductDependency;
			package = 428C9A2529A1E1170047A273 /* XCRemoteSwiftPackageReference "firebase-ios-sdk" */;
			productName = FirebaseAuth;
		};
		428C9A2829A1E1170047A273 /* FirebaseFirestore */ = {
			isa = XCSwiftPackageProductDependency;
			package = 428C9A2529A1E1170047A273 /* XCRemoteSwiftPackageReference "firebase-ios-sdk" */;
			productName = FirebaseFirestore;
		};
/* End XCSwiftPackageProductDependency section */
	};
	rootObject = 88B1581729A16BA8009D993A /* Project object */;
}
